Microsoft Visual Studio Solution File, Format Version 12.00
# Visual Studio Version 17
VisualStudioVersion = 17.5.2.0
MinimumVisualStudioVersion = 10.0.40219.1
Project("{FAE04EC0-301F-11D3-BF4B-00C04F79EFBC}") = "ResumeApi", "ResumeApi\ResumeApi.csproj", "{2683AA65-38A2-7990-46DC-4B36227661F8}"
EndProject
Global
	GlobalSection(SolutionConfigurationPlatforms) = preSolution
		Debug|Any CPU = Debug|Any CPU
		Release|Any CPU = Release|Any CPU
	EndGlobalSection
	GlobalSection(ProjectConfigurationPlatforms) = postSolution
		{2683AA65-38A2-7990-46DC-4B36227661F8}.Debug|Any CPU.ActiveCfg = Debug|Any CPU
		{2683AA65-38A2-7990-46DC-4B36227661F8}.Debug|Any CPU.Build.0 = Debug|Any CPU
		{2683AA65-38A2-7990-46DC-4B36227661F8}.Release|Any CPU.ActiveCfg = Release|Any CPU
		{2683AA65-38A2-7990-46DC-4B36227661F8}.Release|Any CPU.Build.0 = Release|Any CPU
	EndGlobalSection
	GlobalSection(SolutionProperties) = preSolution
		HideSolutionNode = FALSE
	EndGlobalSection
	GlobalSection(ExtensibilityGlobals) = postSolution
		SolutionGuid = {54B68CEA-5E6C-4846-B78B-05B073955C87}
	EndGlobalSection
EndGlobal
